
Microsoft Visual Studio Solution File, Format Version 12.00
# Visual Studio Version 17
VisualStudioVersion = 17.4.33103.184
MinimumVisualStudioVersion = 10.0.40219.1
Project("{FAE04EC0-301F-11D3-BF4B-00C04F79EFBC}") = "Sistemas Distribuidos", "Sistemas Distribuidos\Sistemas Distribuidos.csproj", "{2FD949D8-69DA-4AAA-BB84-19203EC231DE}"
EndProject
Global
	GlobalSection(SolutionConfigurationPlatforms) = preSolution
		Debug|Any CPU = Debug|Any CPU
		Release|Any CPU = Release|Any CPU
	EndGlobalSection
	GlobalSection(ProjectConfigurationPlatforms) = postSolution
		{2FD949D8-69DA-4AAA-BB84-19203EC231DE}.Debug|Any CPU.ActiveCfg = Debug|Any CPU
		{2FD949D8-69DA-4AAA-BB84-19203EC231DE}.Debug|Any CPU.Build.0 = Debug|Any CPU
		{2FD949D8-69DA-4AAA-BB84-19203EC231DE}.Release|Any CPU.ActiveCfg = Release|Any CPU
		{2FD949D8-69DA-4AAA-BB84-19203EC231DE}.Release|Any CPU.Build.0 = Release|Any CPU
	EndGlobalSection
	GlobalSection(SolutionProperties) = preSolution
		HideSolutionNode = FALSE
	EndGlobalSection
	GlobalSection(ExtensibilityGlobals) = postSolution
		SolutionGuid = {058CE017-4C9A-4A8A-8198-46566814F777}
	EndGlobalSection
EndGlobal
